
Microsoft Visual Studio Solution File, Format Version 12.00
# Visual Studio Version 16
VisualStudioVersion = 16.0.29326.143
MinimumVisualStudioVersion = 10.0.40219.1
Project("{FAE04EC0-301F-11D3-BF4B-00C04F79EFBC}") = "TwoStrokeEngineSimulator", "TwoStrokeEngineSimulator\TwoStrokeEngineSimulator.csproj", "{A8ED8D12-92C9-4B56-85F3-B1BD77ED9FF0}"
EndProject
Global
	GlobalSection(SolutionConfigurationPlatforms) = preSolution
		Debug|Any CPU = Debug|Any CPU
		Release|Any CPU = Release|Any CPU
	EndGlobalSection
	GlobalSection(ProjectConfigurationPlatforms) = postSolution
		{A8ED8D12-92C9-4B56-85F3-B1BD77ED9FF0}.Debug|Any CPU.ActiveCfg = Debug|Any CPU
		{A8ED8D12-92C9-4B56-85F3-B1BD77ED9FF0}.Debug|Any CPU.Build.0 = Debug|Any CPU
		{A8ED8D12-92C9-4B56-85F3-B1BD77ED9FF0}.Release|Any CPU.ActiveCfg = Release|Any CPU
		{A8ED8D12-92C9-4B56-85F3-B1BD77ED9FF0}.Release|Any CPU.Build.0 = Release|Any CPU
	EndGlobalSection
	GlobalSection(SolutionProperties) = preSolution
		HideSolutionNode = FALSE
	EndGlobalSection
	GlobalSection(ExtensibilityGlobals) = postSolution
		SolutionGuid = {49DD2D35-2FF7-471B-ABC8-72940A55C1FF}
	EndGlobalSection
EndGlobal
